
Microsoft Visual Studio Solution File, Format Version 10.00
# Visual Studio 2008
Project("{FAE04EC0-301F-11D3-BF4B-00C04F79EFBC}") = "WindowsMobileUtils", "WindowsMobileUtils\WindowsMobileUtils.csproj", "{C5AEDD85-C0BA-419B-A6D1-28186681BB49}"
EndProject
Project("{FAE04EC0-301F-11D3-BF4B-00C04F79EFBC}") = "WindowsMobileUtils.Demo", "WindowsMobileUtils.Demo\WindowsMobileUtils.Demo.csproj", "{1B292476-38E9-43DB-B640-3BB61985C542}"
EndProject
Project("{2150E333-8FDC-42A3-9474-1A3956D46DE8}") = "Solution Items", "Solution Items", "{9C94C62F-909E-4906-A899-229550C1B3F8}"
	ProjectSection(SolutionItems) = preProject
		README.md = README.md
	EndProjectSection
EndProject
Global
	GlobalSection(SolutionConfigurationPlatforms) = preSolution
		Debug|Any CPU = Debug|Any CPU
		Release|Any CPU = Release|Any CPU
	EndGlobalSection
	GlobalSection(ProjectConfigurationPlatforms) = postSolution
		{C5AEDD85-C0BA-419B-A6D1-28186681BB49}.Debug|Any CPU.ActiveCfg = Debug|Any CPU
		{C5AEDD85-C0BA-419B-A6D1-28186681BB49}.Debug|Any CPU.Build.0 = Debug|Any CPU
		{C5AEDD85-C0BA-419B-A6D1-28186681BB49}.Release|Any CPU.ActiveCfg = Release|Any CPU
		{C5AEDD85-C0BA-419B-A6D1-28186681BB49}.Release|Any CPU.Build.0 = Release|Any CPU
		{1B292476-38E9-43DB-B640-3BB61985C542}.Debug|Any CPU.ActiveCfg = Debug|Any CPU
		{1B292476-38E9-43DB-B640-3BB61985C542}.Debug|Any CPU.Build.0 = Debug|Any CPU
		{1B292476-38E9-43DB-B640-3BB61985C542}.Debug|Any CPU.Deploy.0 = Debug|Any CPU
		{1B292476-38E9-43DB-B640-3BB61985C542}.Release|Any CPU.ActiveCfg = Release|Any CPU
		{1B292476-38E9-43DB-B640-3BB61985C542}.Release|Any CPU.Build.0 = Release|Any CPU
		{1B292476-38E9-43DB-B640-3BB61985C542}.Release|Any CPU.Deploy.0 = Release|Any CPU
	EndGlobalSection
	GlobalSection(SolutionProperties) = preSolution
		HideSolutionNode = FALSE
	EndGlobalSection
EndGlobal
